
Microsoft Visual Studio Solution File, Format Version 12.00
# Visual Studio Version 17
VisualStudioVersion = 17.0.32112.339
MinimumVisualStudioVersion = 10.0.40219.1
Project("{2150E333-8FDC-42A3-9474-1A3956D46DE8}") = "src", "src", "{C2BDC7FA-C66C-4BB8-9E21-BFE954C99CEE}"
EndProject
Project("{9A19103F-16F7-4668-BE54-9A1E7A4F7556}") = "Domains", "Domains\Domains.csproj", "{2ADAD343-593E-4BCF-9BCD-5BF7ED1D4097}"
EndProject
Project("{9A19103F-16F7-4668-BE54-9A1E7A4F7556}") = "Infrastructure", "Infrastructure\Infrastructure.csproj", "{B745D68F-ABF5-4F7A-8824-6751B308121A}"
EndProject
Project("{9A19103F-16F7-4668-BE54-9A1E7A4F7556}") = "UtilityApi", "UtilityApi\UtilityApi.csproj", "{B7AB069B-0AA5-438A-9743-2B4D1495F6BE}"
EndProject
Project("{9A19103F-16F7-4668-BE54-9A1E7A4F7556}") = "Business", "Business\Business.csproj", "{3D06C4A8-796E-4919-8272-DE0A68B3AE86}"
EndProject
Project("{FAE04EC0-301F-11D3-BF4B-00C04F79EFBC}") = "TelegramBot", "TelegramBot\TelegramBot.csproj", "{20BAC156-B0F6-42F1-860C-B2BAA5571CE0}"
EndProject
Project("{2150E333-8FDC-42A3-9474-1A3956D46DE8}") = "Telegram", "Telegram", "{648ACBFC-9E53-4C2F-B50B-722556B535E7}"
EndProject
Project("{FAE04EC0-301F-11D3-BF4B-00C04F79EFBC}") = "TelegramBot.Domains", "TelegramBot.Domains\TelegramBot.Domains.csproj", "{B1192AAC-E5F4-4458-B135-FA8EE9D7B4A1}"
EndProject
Project("{FAE04EC0-301F-11D3-BF4B-00C04F79EFBC}") = "TelegramBot.Business", "TelegramBot.Business\TelegramBot.Business.csproj", "{194E21D4-902D-4613-A49A-9034E2B14A48}"
EndProject
Project("{FAE04EC0-301F-11D3-BF4B-00C04F79EFBC}") = "TelegramBot.Infrastructure", "TelegramBot.Infrastructure\TelegramBot.Infrastructure.csproj", "{75207684-D38C-4913-8553-458B311F717D}"
EndProject
Global
	GlobalSection(SolutionConfigurationPlatforms) = preSolution
		Debug|Any CPU = Debug|Any CPU
		Release|Any CPU = Release|Any CPU
	EndGlobalSection
	GlobalSection(ProjectConfigurationPlatforms) = postSolution
		{2ADAD343-593E-4BCF-9BCD-5BF7ED1D4097}.Debug|Any CPU.ActiveCfg = Debug|Any CPU
		{2ADAD343-593E-4BCF-9BCD-5BF7ED1D4097}.Debug|Any CPU.Build.0 = Debug|Any CPU
		{2ADAD343-593E-4BCF-9BCD-5BF7ED1D4097}.Release|Any CPU.ActiveCfg = Release|Any CPU
		{2ADAD343-593E-4BCF-9BCD-5BF7ED1D4097}.Release|Any CPU.Build.0 = Release|Any CPU
		{B745D68F-ABF5-4F7A-8824-6751B308121A}.Debug|Any CPU.ActiveCfg = Debug|Any CPU
		{B745D68F-ABF5-4F7A-8824-6751B308121A}.Debug|Any CPU.Build.0 = Debug|Any CPU
		{B745D68F-ABF5-4F7A-8824-6751B308121A}.Release|Any CPU.ActiveCfg = Release|Any CPU
		{B745D68F-ABF5-4F7A-8824-6751B308121A}.Release|Any CPU.Build.0 = Release|Any CPU
		{B7AB069B-0AA5-438A-9743-2B4D1495F6BE}.Debug|Any CPU.ActiveCfg = Debug|Any CPU
		{B7AB069B-0AA5-438A-9743-2B4D1495F6BE}.Debug|Any CPU.Build.0 = Debug|Any CPU
		{B7AB069B-0AA5-438A-9743-2B4D1495F6BE}.Release|Any CPU.ActiveCfg = Release|Any CPU
		{B7AB069B-0AA5-438A-9743-2B4D1495F6BE}.Release|Any CPU.Build.0 = Release|Any CPU
		{3D06C4A8-796E-4919-8272-DE0A68B3AE86}.Debug|Any CPU.ActiveCfg = Debug|Any CPU
		{3D06C4A8-796E-4919-8272-DE0A68B3AE86}.Debug|Any CPU.Build.0 = Debug|Any CPU
		{3D06C4A8-796E-4919-8272-DE0A68B3AE86}.Release|Any CPU.ActiveCfg = Release|Any CPU
		{3D06C4A8-796E-4919-8272-DE0A68B3AE86}.Release|Any CPU.Build.0 = Release|Any CPU
		{20BAC156-B0F6-42F1-860C-B2BAA5571CE0}.Debug|Any CPU.ActiveCfg = Debug|Any CPU
		{20BAC156-B0F6-42F1-860C-B2BAA5571CE0}.Debug|Any CPU.Build.0 = Debug|Any CPU
		{20BAC156-B0F6-42F1-860C-B2BAA5571CE0}.Release|Any CPU.ActiveCfg = Release|Any CPU
		{20BAC156-B0F6-42F1-860C-B2BAA5571CE0}.Release|Any CPU.Build.0 = Release|Any CPU
		{B1192AAC-E5F4-4458-B135-FA8EE9D7B4A1}.Debug|Any CPU.ActiveCfg = Debug|Any CPU
		{B1192AAC-E5F4-4458-B135-FA8EE9D7B4A1}.Debug|Any CPU.Build.0 = Debug|Any CPU
		{B1192AAC-E5F4-4458-B135-FA8EE9D7B4A1}.Release|Any CPU.ActiveCfg = Release|Any CPU
		{B1192AAC-E5F4-4458-B135-FA8EE9D7B4A1}.Release|Any CPU.Build.0 = Release|Any CPU
		{194E21D4-902D-4613-A49A-9034E2B14A48}.Debug|Any CPU.ActiveCfg = Debug|Any CPU
		{194E21D4-902D-4613-A49A-9034E2B14A48}.Debug|Any CPU.Build.0 = Debug|Any CPU
		{194E21D4-902D-4613-A49A-9034E2B14A48}.Release|Any CPU.ActiveCfg = Release|Any CPU
		{194E21D4-902D-4613-A49A-9034E2B14A48}.Release|Any CPU.Build.0 = Release|Any CPU
		{75207684-D38C-4913-8553-458B311F717D}.Debug|Any CPU.ActiveCfg = Debug|Any CPU
		{75207684-D38C-4913-8553-458B311F717D}.Debug|Any CPU.Build.0 = Debug|Any CPU
		{75207684-D38C-4913-8553-458B311F717D}.Release|Any CPU.ActiveCfg = Release|Any CPU
		{75207684-D38C-4913-8553-458B311F717D}.Release|Any CPU.Build.0 = Release|Any CPU
	EndGlobalSection
	GlobalSection(SolutionProperties) = preSolution
		HideSolutionNode = FALSE
	EndGlobalSection
	GlobalSection(NestedProjects) = preSolution
		{2ADAD343-593E-4BCF-9BCD-5BF7ED1D4097} = {C2BDC7FA-C66C-4BB8-9E21-BFE954C99CEE}
		{B745D68F-ABF5-4F7A-8824-6751B308121A} = {C2BDC7FA-C66C-4BB8-9E21-BFE954C99CEE}
		{B7AB069B-0AA5-438A-9743-2B4D1495F6BE} = {C2BDC7FA-C66C-4BB8-9E21-BFE954C99CEE}
		{3D06C4A8-796E-4919-8272-DE0A68B3AE86} = {C2BDC7FA-C66C-4BB8-9E21-BFE954C99CEE}
		{20BAC156-B0F6-42F1-860C-B2BAA5571CE0} = {648ACBFC-9E53-4C2F-B50B-722556B535E7}
		{B1192AAC-E5F4-4458-B135-FA8EE9D7B4A1} = {648ACBFC-9E53-4C2F-B50B-722556B535E7}
		{194E21D4-902D-4613-A49A-9034E2B14A48} = {648ACBFC-9E53-4C2F-B50B-722556B535E7}
		{75207684-D38C-4913-8553-458B311F717D} = {648ACBFC-9E53-4C2F-B50B-722556B535E7}
	EndGlobalSection
	GlobalSection(ExtensibilityGlobals) = postSolution
		SolutionGuid = {1137272B-44AF-42D2-A735-37656C07831D}
	EndGlobalSection
EndGlobal
